
Microsoft Visual Studio Solution File, Format Version 12.00
# Visual Studio Version 17
VisualStudioVersion = 17.7.34003.232
MinimumVisualStudioVersion = 10.0.40219.1
Project("{FAE04EC0-301F-11D3-BF4B-00C04F79EFBC}") = "Students.WebApp", "Students.WebApp\Students.WebApp.csproj", "{7A952CE9-888F-428B-96F5-893772970146}"
EndProject
Global
	GlobalSection(SolutionConfigurationPlatforms) = preSolution
		Debug|Any CPU = Debug|Any CPU
		Release|Any CPU = Release|Any CPU
	EndGlobalSection
	GlobalSection(ProjectConfigurationPlatforms) = postSolution
		{7A952CE9-888F-428B-96F5-893772970146}.Debug|Any CPU.ActiveCfg = Debug|Any CPU
		{7A952CE9-888F-428B-96F5-893772970146}.Debug|Any CPU.Build.0 = Debug|Any CPU
		{7A952CE9-888F-428B-96F5-893772970146}.Release|Any CPU.ActiveCfg = Release|Any CPU
		{7A952CE9-888F-428B-96F5-893772970146}.Release|Any CPU.Build.0 = Release|Any CPU
	EndGlobalSection
	GlobalSection(SolutionProperties) = preSolution
		HideSolutionNode = FALSE
	EndGlobalSection
	GlobalSection(ExtensibilityGlobals) = postSolution
		SolutionGuid = {7AFE735F-A653-4723-BFDA-22A5B2595A62}
	EndGlobalSection
EndGlobal
